
Microsoft Visual Studio Solution File, Format Version 12.00
# Visual Studio 2013
Project("{FAE04EC0-301F-11D3-BF4B-00C04F79EFBC}") = "UnityEffectsBase.CSharp", "UnityEffectsBase.CSharp.csproj", "{DD2D1353-52FD-C140-6139-D600F034EE38}"
EndProject
Project("{FAE04EC0-301F-11D3-BF4B-00C04F79EFBC}") = "UnityEffectsBase.CSharp.Editor", "UnityEffectsBase.CSharp.Editor.csproj", "{95948AE2-0ED0-95AF-2063-BADCBF1AF036}"
EndProject
Global
	GlobalSection(SolutionConfigurationPlatforms) = preSolution
		Debug|Any CPU = Debug|Any CPU
		Release|Any CPU = Release|Any CPU
	EndGlobalSection
	GlobalSection(ProjectConfigurationPlatforms) = postSolution
		{DD2D1353-52FD-C140-6139-D600F034EE38}.Debug|Any CPU.ActiveCfg = Debug|Any CPU
		{DD2D1353-52FD-C140-6139-D600F034EE38}.Debug|Any CPU.Build.0 = Debug|Any CPU
		{DD2D1353-52FD-C140-6139-D600F034EE38}.Release|Any CPU.ActiveCfg = Release|Any CPU
		{DD2D1353-52FD-C140-6139-D600F034EE38}.Release|Any CPU.Build.0 = Release|Any CPU
		{95948AE2-0ED0-95AF-2063-BADCBF1AF036}.Debug|Any CPU.ActiveCfg = Debug|Any CPU
		{95948AE2-0ED0-95AF-2063-BADCBF1AF036}.Debug|Any CPU.Build.0 = Debug|Any CPU
		{95948AE2-0ED0-95AF-2063-BADCBF1AF036}.Release|Any CPU.ActiveCfg = Release|Any CPU
		{95948AE2-0ED0-95AF-2063-BADCBF1AF036}.Release|Any CPU.Build.0 = Release|Any CPU
	EndGlobalSection
	GlobalSection(SolutionProperties) = preSolution
		HideSolutionNode = FALSE
	EndGlobalSection
EndGlobal
